
Microsoft Visual Studio Solution File, Format Version 12.00
# Visual Studio Version 16
VisualStudioVersion = 16.0.31402.337
MinimumVisualStudioVersion = 10.0.40219.1
Project("{FAE04EC0-301F-11D3-BF4B-00C04F79EFBC}") = "FontExplorer", "FontExplorer\FontExplorer.csproj", "{15789BA2-1FAD-4A2E-AB8C-C2E8896FA563}"
EndProject
Project("{54435603-DBB4-11D2-8724-00A0C9A8B90C}") = "FontExplorerInstaller", "FontExplorerInstaller\FontExplorerInstaller.vdproj", "{08F280E6-972F-4912-9164-7A82CA81B494}"
EndProject
Global
	GlobalSection(SolutionConfigurationPlatforms) = preSolution
		Debug|Any CPU = Debug|Any CPU
		Release|Any CPU = Release|Any CPU
	EndGlobalSection
	GlobalSection(ProjectConfigurationPlatforms) = postSolution
		{15789BA2-1FAD-4A2E-AB8C-C2E8896FA563}.Debug|Any CPU.ActiveCfg = Debug|Any CPU
		{15789BA2-1FAD-4A2E-AB8C-C2E8896FA563}.Debug|Any CPU.Build.0 = Debug|Any CPU
		{15789BA2-1FAD-4A2E-AB8C-C2E8896FA563}.Release|Any CPU.ActiveCfg = Release|Any CPU
		{15789BA2-1FAD-4A2E-AB8C-C2E8896FA563}.Release|Any CPU.Build.0 = Release|Any CPU
		{08F280E6-972F-4912-9164-7A82CA81B494}.Debug|Any CPU.ActiveCfg = Debug
		{08F280E6-972F-4912-9164-7A82CA81B494}.Release|Any CPU.ActiveCfg = Release
	EndGlobalSection
	GlobalSection(SolutionProperties) = preSolution
		HideSolutionNode = FALSE
	EndGlobalSection
	GlobalSection(ExtensibilityGlobals) = postSolution
		SolutionGuid = {5AE03FE3-099D-45C7-9056-FC7F96A2EEF2}
	EndGlobalSection
EndGlobal
